
Microsoft Visual Studio Solution File, Format Version 12.00
# Visual Studio Version 17
VisualStudioVersion = 17.9.34723.18
MinimumVisualStudioVersion = 10.0.40219.1
Project("{FAE04EC0-301F-11D3-BF4B-00C04F79EFBC}") = "BlobTrigger", "BlobTrigger.csproj", "{67EB8FE6-7ABB-428E-8027-D67EBC59F0B2}"
EndProject
Global
	GlobalSection(SolutionConfigurationPlatforms) = preSolution
		Debug|Any CPU = Debug|Any CPU
		Release|Any CPU = Release|Any CPU
	EndGlobalSection
	GlobalSection(ProjectConfigurationPlatforms) = postSolution
		{67EB8FE6-7ABB-428E-8027-D67EBC59F0B2}.Debug|Any CPU.ActiveCfg = Debug|Any CPU
		{67EB8FE6-7ABB-428E-8027-D67EBC59F0B2}.Debug|Any CPU.Build.0 = Debug|Any CPU
		{67EB8FE6-7ABB-428E-8027-D67EBC59F0B2}.Release|Any CPU.ActiveCfg = Release|Any CPU
		{67EB8FE6-7ABB-428E-8027-D67EBC59F0B2}.Release|Any CPU.Build.0 = Release|Any CPU
	EndGlobalSection
	GlobalSection(SolutionProperties) = preSolution
		HideSolutionNode = FALSE
	EndGlobalSection
	GlobalSection(ExtensibilityGlobals) = postSolution
		SolutionGuid = {9C5CCF0C-C192-4F7F-9632-4D20E9651D43}
	EndGlobalSection
EndGlobal
